
Microsoft Visual Studio Solution File, Format Version 12.00
# Visual Studio Version 16
VisualStudioVersion = 16.0.31112.23
MinimumVisualStudioVersion = 10.0.40219.1
Project("{FAE04EC0-301F-11D3-BF4B-00C04F79EFBC}") = "TipCalculator", "TipCalculator.csproj", "{5FBDE382-42BF-42A2-BBA8-00A97E1B91E7}"
EndProject
Global
	GlobalSection(SolutionConfigurationPlatforms) = preSolution
		Debug|Any CPU = Debug|Any CPU
		Release|Any CPU = Release|Any CPU
	EndGlobalSection
	GlobalSection(ProjectConfigurationPlatforms) = postSolution
		{5FBDE382-42BF-42A2-BBA8-00A97E1B91E7}.Debug|Any CPU.ActiveCfg = Debug|Any CPU
		{5FBDE382-42BF-42A2-BBA8-00A97E1B91E7}.Debug|Any CPU.Build.0 = Debug|Any CPU
		{5FBDE382-42BF-42A2-BBA8-00A97E1B91E7}.Debug|Any CPU.Deploy.0 = Debug|Any CPU
		{5FBDE382-42BF-42A2-BBA8-00A97E1B91E7}.Release|Any CPU.ActiveCfg = Release|Any CPU
		{5FBDE382-42BF-42A2-BBA8-00A97E1B91E7}.Release|Any CPU.Build.0 = Release|Any CPU
		{5FBDE382-42BF-42A2-BBA8-00A97E1B91E7}.Release|Any CPU.Deploy.0 = Release|Any CPU
	EndGlobalSection
	GlobalSection(SolutionProperties) = preSolution
		HideSolutionNode = FALSE
	EndGlobalSection
	GlobalSection(ExtensibilityGlobals) = postSolution
		SolutionGuid = {E2EB3139-9C4A-4310-B516-DBCF6078BAB1}
	EndGlobalSection
EndGlobal
